{
  "name": "promise",
  "version": "0.0.1",
  "lockfileVersion": 1,
  "requires": true,
  "dependencies": {
    "compose-parallel": {
      "version": "1.0.2",
      "resolved": "https://registry.npmjs.org/compose-parallel/-/compose-parallel-1.0.2.tgz",
      "integrity": "sha512-Un/py8sxZfFdQGb270h/UV4JWVaWHdJ7Dn3E9yQ5Yl39+p7TSWn9jkCH1MnkZEOFxu7BzK7C9v4Mb4rL0dL3Vg=="
    }
  }
}
